// !$*UTF8*$!
{
	archiveVersion = 1;
	classes = {};
	objectVersion = 77;
	objects = {

/* Begin PBXBuildFile section */
		A10000000000000000000001 /* WorkEvidenceApp.swift in Sources */ = {isa = PBXBuildFile; fileRef = A20000000000000000000001 /* WorkEvidenceApp.swift */; };
		A10000000000000000000002 /* Accomplishment.swift in Sources */ = {isa = PBXBuildFile; fileRef = A20000000000000000000002 /* Accomplishment.swift */; };
		A10000000000000000000003 /* EvidenceAttachment.swift in Sources */ = {isa = PBXBuildFile; fileRef = A20000000000000000000003 /* EvidenceAttachment.swift */; };
		A10000000000000000000004 /* AttachmentStore.swift in Sources */ = {isa = PBXBuildFile; fileRef = A20000000000000000000004 /* AttachmentStore.swift */; };
		A10000000000000000000005 /* ExportService.swift in Sources */ = {isa = PBXBuildFile; fileRef = A20000000000000000000005 /* ExportService.swift */; };
		A10000000000000000000006 /* RootView.swift in Sources */ = {isa = PBXBuildFile; fileRef = A20000000000000000000006 /* RootView.swift */; };
		A10000000000000000000007 /* EntryEditorView.swift in Sources */ = {isa = PBXBuildFile; fileRef = A20000000000000000000007 /* EntryEditorView.swift */; };
		A10000000000000000000008 /* SettingsView.swift in Sources */ = {isa = PBXBuildFile; fileRef = A20000000000000000000008 /* SettingsView.swift */; };
		A10000000000000000000009 /* Assets.xcassets in Resources */ = {isa = PBXBuildFile; fileRef = A20000000000000000000009 /* Assets.xcassets */; };
		A1000000000000000000000C /* AppleIntelligenceEnrichmentService.swift in Sources */ = {isa = PBXBuildFile; fileRef = A2000000000000000000000C /* AppleIntelligenceEnrichmentService.swift */; };
		A1000000000000000000000D /* EvidenceIntelligenceService.swift in Sources */ = {isa = PBXBuildFile; fileRef = A2000000000000000000000D /* EvidenceIntelligenceService.swift */; };
		A1000000000000000000000E /* IngestionService.swift in Sources */ = {isa = PBXBuildFile; fileRef = A2000000000000000000000E /* IngestionService.swift */; };
		A1000000000000000000000F /* AppleMailIntegrationService.swift in Sources */ = {isa = PBXBuildFile; fileRef = A2000000000000000000000F /* AppleMailIntegrationService.swift */; };
		A10000000000000000000010 /* InsightsView.swift in Sources */ = {isa = PBXBuildFile; fileRef = A20000000000000000000010 /* InsightsView.swift */; };
		A10000000000000000000011 /* RequestItem.swift in Sources */ = {isa = PBXBuildFile; fileRef = A20000000000000000000011 /* RequestItem.swift */; };
		A10000000000000000000012 /* RequestIntelligenceService.swift in Sources */ = {isa = PBXBuildFile; fileRef = A20000000000000000000012 /* RequestIntelligenceService.swift */; };
		A10000000000000000000013 /* RequestIntelligenceView.swift in Sources */ = {isa = PBXBuildFile; fileRef = A20000000000000000000013 /* RequestIntelligenceView.swift */; };
/* End PBXBuildFile section */

/* Begin PBXFileReference section */
		A20000000000000000000001 /* WorkEvidenceApp.swift */ = {isa = PBXFileReference; lastKnownFileType = sourcecode.swift; path = WorkEvidenceApp.swift; sourceTree = "<group>"; };
		A20000000000000000000002 /* Accomplishment.swift */ = {isa = PBXFileReference; lastKnownFileType = sourcecode.swift; path = Accomplishment.swift; sourceTree = "<group>"; };
		A20000000000000000000003 /* EvidenceAttachment.swift */ = {isa = PBXFileReference; lastKnownFileType = sourcecode.swift; path = EvidenceAttachment.swift; sourceTree = "<group>"; };
		A20000000000000000000004 /* AttachmentStore.swift */ = {isa = PBXFileReference; lastKnownFileType = sourcecode.swift; path = AttachmentStore.swift; sourceTree = "<group>"; };
		A20000000000000000000005 /* ExportService.swift */ = {isa = PBXFileReference; lastKnownFileType = sourcecode.swift; path = ExportService.swift; sourceTree = "<group>"; };
		A20000000000000000000006 /* RootView.swift */ = {isa = PBXFileReference; lastKnownFileType = sourcecode.swift; path = RootView.swift; sourceTree = "<group>"; };
		A20000000000000000000007 /* EntryEditorView.swift */ = {isa = PBXFileReference; lastKnownFileType = sourcecode.swift; path = EntryEditorView.swift; sourceTree = "<group>"; };
		A20000000000000000000008 /* SettingsView.swift */ = {isa = PBXFileReference; lastKnownFileType = sourcecode.swift; path = SettingsView.swift; sourceTree = "<group>"; };
		A20000000000000000000009 /* Assets.xcassets */ = {isa = PBXFileReference; lastKnownFileType = folder.assetcatalog; path = Assets.xcassets; sourceTree = "<group>"; };
		A2000000000000000000000A /* WorkEvidence.entitlements */ = {isa = PBXFileReference; lastKnownFileType = text.plist.entitlements; path = WorkEvidence.entitlements; sourceTree = "<group>"; };
		A2000000000000000000000C /* AppleIntelligenceEnrichmentService.swift */ = {isa = PBXFileReference; lastKnownFileType = sourcecode.swift; path = AppleIntelligenceEnrichmentService.swift; sourceTree = "<group>"; };
		A2000000000000000000000D /* EvidenceIntelligenceService.swift */ = {isa = PBXFileReference; lastKnownFileType = sourcecode.swift; path = EvidenceIntelligenceService.swift; sourceTree = "<group>"; };
		A2000000000000000000000E /* IngestionService.swift */ = {isa = PBXFileReference; lastKnownFileType = sourcecode.swift; path = IngestionService.swift; sourceTree = "<group>"; };
		A2000000000000000000000F /* AppleMailIntegrationService.swift */ = {isa = PBXFileReference; lastKnownFileType = sourcecode.swift; path = AppleMailIntegrationService.swift; sourceTree = "<group>"; };
		A20000000000000000000010 /* InsightsView.swift */ = {isa = PBXFileReference; lastKnownFileType = sourcecode.swift; path = InsightsView.swift; sourceTree = "<group>"; };
		A20000000000000000000011 /* RequestItem.swift */ = {isa = PBXFileReference; lastKnownFileType = sourcecode.swift; path = RequestItem.swift; sourceTree = "<group>"; };
		A20000000000000000000012 /* RequestIntelligenceService.swift */ = {isa = PBXFileReference; lastKnownFileType = sourcecode.swift; path = RequestIntelligenceService.swift; sourceTree = "<group>"; };
		A20000000000000000000013 /* RequestIntelligenceView.swift */ = {isa = PBXFileReference; lastKnownFileType = sourcecode.swift; path = RequestIntelligenceView.swift; sourceTree = "<group>"; };
		A2000000000000000000000B /* WorkEvidence.app */ = {isa = PBXFileReference; explicitFileType = wrapper.application; includeInIndex = 0; path = WorkEvidence.app; sourceTree = BUILT_PRODUCTS_DIR; };
/* End PBXFileReference section */

/* Begin PBXFrameworksBuildPhase section */
		A30000000000000000000001 /* Frameworks */ = {isa = PBXFrameworksBuildPhase; buildActionMask = 2147483647; files = (); runOnlyForDeploymentPostprocessing = 0; };
/* End PBXFrameworksBuildPhase section */

/* Begin PBXGroup section */
		A40000000000000000000001 = {
			isa = PBXGroup;
			children = (
				A40000000000000000000002 /* WorkEvidence */,
				A40000000000000000000008 /* Products */,
			);
			sourceTree = "<group>";
		};
		A40000000000000000000002 /* WorkEvidence */ = {
			isa = PBXGroup;
			children = (
				A40000000000000000000003 /* App */,
				A40000000000000000000004 /* Models */,
				A40000000000000000000005 /* Services */,
				A40000000000000000000006 /* Views */,
				A20000000000000000000009 /* Assets.xcassets */,
				A2000000000000000000000A /* WorkEvidence.entitlements */,
			);
			path = WorkEvidence;
			sourceTree = "<group>";
		};
		A40000000000000000000003 /* App */ = {isa = PBXGroup; children = (A20000000000000000000001 /* WorkEvidenceApp.swift */,); path = App; sourceTree = "<group>"; };
		A40000000000000000000004 /* Models */ = {isa = PBXGroup; children = (A20000000000000000000002 /* Accomplishment.swift */, A20000000000000000000003 /* EvidenceAttachment.swift */, A20000000000000000000011 /* RequestItem.swift */,); path = Models; sourceTree = "<group>"; };
		A40000000000000000000005 /* Services */ = {isa = PBXGroup; children = (A20000000000000000000004 /* AttachmentStore.swift */, A20000000000000000000005 /* ExportService.swift */, A2000000000000000000000C /* AppleIntelligenceEnrichmentService.swift */, A2000000000000000000000D /* EvidenceIntelligenceService.swift */, A2000000000000000000000E /* IngestionService.swift */, A2000000000000000000000F /* AppleMailIntegrationService.swift */, A20000000000000000000012 /* RequestIntelligenceService.swift */,); path = Services; sourceTree = "<group>"; };
		A40000000000000000000006 /* Views */ = {isa = PBXGroup; children = (A20000000000000000000006 /* RootView.swift */, A20000000000000000000007 /* EntryEditorView.swift */, A20000000000000000000008 /* SettingsView.swift */, A20000000000000000000010 /* InsightsView.swift */, A20000000000000000000013 /* RequestIntelligenceView.swift */,); path = Views; sourceTree = "<group>"; };
		A40000000000000000000008 /* Products */ = {isa = PBXGroup; children = (A2000000000000000000000B /* WorkEvidence.app */,); name = Products; sourceTree = "<group>"; };
/* End PBXGroup section */

/* Begin PBXNativeTarget section */
		A50000000000000000000001 /* WorkEvidence */ = {
			isa = PBXNativeTarget;
			buildConfigurationList = A80000000000000000000002 /* Build configuration list for PBXNativeTarget \"WorkEvidence\" */;
			buildPhases = (
				A60000000000000000000001 /* Sources */,
				A30000000000000000000001 /* Frameworks */,
				A60000000000000000000002 /* Resources */,
			);
			buildRules = ();
			dependencies = ();
			name = WorkEvidence;
			productName = WorkEvidence;
			productReference = A2000000000000000000000B /* WorkEvidence.app */;
			productType = "com.apple.product-type.application";
		};
/* End PBXNativeTarget section */

/* Begin PBXProject section */
		A70000000000000000000001 /* Project object */ = {
			isa = PBXProject;
			attributes = {
				BuildIndependentTargetsInParallel = 1;
				LastSwiftUpdateCheck = 2700;
				LastUpgradeCheck = 2700;
				TargetAttributes = { A50000000000000000000001 = { CreatedOnToolsVersion = 27.0; }; };
			};
			buildConfigurationList = A80000000000000000000001 /* Build configuration list for PBXProject \"WorkEvidence\" */;
			compatibilityVersion = "Xcode 16.0";
			developmentRegion = en;
			hasScannedForEncodings = 0;
			knownRegions = (en, Base,);
			mainGroup = A40000000000000000000001;
			productRefGroup = A40000000000000000000008 /* Products */;
			projectDirPath = "";
			projectRoot = "";
			targets = (A50000000000000000000001 /* WorkEvidence */,);
		};
/* End PBXProject section */

/* Begin PBXResourcesBuildPhase section */
		A60000000000000000000002 /* Resources */ = {isa = PBXResourcesBuildPhase; buildActionMask = 2147483647; files = (A10000000000000000000009 /* Assets.xcassets in Resources */,); runOnlyForDeploymentPostprocessing = 0; };
/* End PBXResourcesBuildPhase section */

/* Begin PBXSourcesBuildPhase section */
		A60000000000000000000001 /* Sources */ = {
			isa = PBXSourcesBuildPhase;
			buildActionMask = 2147483647;
			files = (
				A10000000000000000000001 /* WorkEvidenceApp.swift in Sources */,
				A10000000000000000000002 /* Accomplishment.swift in Sources */,
				A10000000000000000000003 /* EvidenceAttachment.swift in Sources */,
				A10000000000000000000004 /* AttachmentStore.swift in Sources */,
				A10000000000000000000005 /* ExportService.swift in Sources */,
				A10000000000000000000006 /* RootView.swift in Sources */,
				A10000000000000000000007 /* EntryEditorView.swift in Sources */,
				A10000000000000000000008 /* SettingsView.swift in Sources */,
				A1000000000000000000000C /* AppleIntelligenceEnrichmentService.swift in Sources */,
				A1000000000000000000000D /* EvidenceIntelligenceService.swift in Sources */,
				A1000000000000000000000E /* IngestionService.swift in Sources */,
				A1000000000000000000000F /* AppleMailIntegrationService.swift in Sources */,
				A10000000000000000000010 /* InsightsView.swift in Sources */,
				A10000000000000000000011 /* RequestItem.swift in Sources */,
				A10000000000000000000012 /* RequestIntelligenceService.swift in Sources */,
				A10000000000000000000013 /* RequestIntelligenceView.swift in Sources */,
			);
			runOnlyForDeploymentPostprocessing = 0;
		};
/* End PBXSourcesBuildPhase section */

/* Begin XCBuildConfiguration section */
		A90000000000000000000001 /* Debug */ = {isa = XCBuildConfiguration; buildSettings = { CLANG_ENABLE_MODULES = YES; MACOSX_DEPLOYMENT_TARGET = 26.0; SDKROOT = macosx; SWIFT_VERSION = 6.0; }; name = Debug; };
		A90000000000000000000002 /* Release */ = {isa = XCBuildConfiguration; buildSettings = { CLANG_ENABLE_MODULES = YES; MACOSX_DEPLOYMENT_TARGET = 26.0; SDKROOT = macosx; SWIFT_VERSION = 6.0; }; name = Release; };
		A90000000000000000000003 /* Debug */ = {
			isa = XCBuildConfiguration;
			buildSettings = {
				ASSETCATALOG_COMPILER_APPICON_NAME = AppIcon;
				CODE_SIGN_ENTITLEMENTS = WorkEvidence/WorkEvidence.entitlements;
				CODE_SIGN_STYLE = Automatic;
				COMBINE_HIDPI_IMAGES = YES;
				CURRENT_PROJECT_VERSION = 15;
				ENABLE_APP_SANDBOX = YES;
				ENABLE_HARDENED_RUNTIME = YES;
				GENERATE_INFOPLIST_FILE = NO;
				INFOPLIST_FILE = WorkEvidence/Info.plist;
				INFOPLIST_KEY_CFBundleDisplayName = "Accomplishment Tracker";
				LD_RUNPATH_SEARCH_PATHS = "$(inherited) @executable_path/../Frameworks";
				MACOSX_DEPLOYMENT_TARGET = 26.0;
				MARKETING_VERSION = 1.8.2;
				PRODUCT_BUNDLE_IDENTIFIER = com.entropyshield.WorkEvidence;
				PRODUCT_NAME = "$(TARGET_NAME)";
				SWIFT_EMIT_LOC_STRINGS = YES;
				SWIFT_VERSION = 6.0;
			};
			name = Debug;
		};
		A90000000000000000000004 /* Release */ = {
			isa = XCBuildConfiguration;
			buildSettings = {
				ASSETCATALOG_COMPILER_APPICON_NAME = AppIcon;
				CODE_SIGN_ENTITLEMENTS = WorkEvidence/WorkEvidence.entitlements;
				CODE_SIGN_STYLE = Automatic;
				COMBINE_HIDPI_IMAGES = YES;
				CURRENT_PROJECT_VERSION = 15;
				ENABLE_APP_SANDBOX = YES;
				ENABLE_HARDENED_RUNTIME = YES;
				GENERATE_INFOPLIST_FILE = NO;
				INFOPLIST_FILE = WorkEvidence/Info.plist;
				INFOPLIST_KEY_CFBundleDisplayName = "Accomplishment Tracker";
				LD_RUNPATH_SEARCH_PATHS = "$(inherited) @executable_path/../Frameworks";
				MACOSX_DEPLOYMENT_TARGET = 26.0;
				MARKETING_VERSION = 1.8.2;
				PRODUCT_BUNDLE_IDENTIFIER = com.entropyshield.WorkEvidence;
				PRODUCT_NAME = "$(TARGET_NAME)";
				SWIFT_EMIT_LOC_STRINGS = YES;
				SWIFT_VERSION = 6.0;
			};
			name = Release;
		};
/* End XCBuildConfiguration section */

/* Begin XCConfigurationList section */
		A80000000000000000000001 /* Build configuration list for PBXProject \"WorkEvidence\" */ = {isa = XCConfigurationList; buildConfigurations = (A90000000000000000000001 /* Debug */, A90000000000000000000002 /* Release */,); defaultConfigurationIsVisible = 0; defaultConfigurationName = Release; };
		A80000000000000000000002 /* Build configuration list for PBXNativeTarget \"WorkEvidence\" */ = {isa = XCConfigurationList; buildConfigurations = (A90000000000000000000003 /* Debug */, A90000000000000000000004 /* Release */,); defaultConfigurationIsVisible = 0; defaultConfigurationName = Release; };
/* End XCConfigurationList section */
	};
	rootObject = A70000000000000000000001 /* Project object */;
}
